lockfile_version: '1'
generated_at: '2026-07-25T06:27:30.345978+00:00'
dependencies: []
deployments:
- kind: project-relative
  target: agents
  value: .agents/skills/flow
  runtime: null
  scope: project
  owners:
  - .
  active_owner: .
  content_hash: null
- kind: project-relative
  target: agents
  value: .agents/skills/flow-design
  runtime: null
  scope: project
  owners:
  - .
  active_owner: .
  content_hash: null
- kind: project-relative
  target: agents
  value: .agents/skills/flow-design/SKILL.md
  runtime: null
  scope: project
  owners:
  - .
  active_owner: .
  content_hash: sha256:082d42d60e984b51a6c7bd28c7a56ec5c7008919e365c9e2ed42a8323a22503b
- kind: project-relative
  target: agents
  value: .agents/skills/flow-implement
  runtime: null
  scope: project
  owners:
  - .
  active_owner: .
  content_hash: null
- kind: project-relative
  target: agents
  value: .agents/skills/flow-implement/SKILL.md
  runtime: null
  scope: project
  owners:
  - .
  active_owner: .
  content_hash: sha256:d87dbe9eb6eef790e76940f1c2da950e8c5526ab917d85db67450af2f9cb0a92
- kind: project-relative
  target: agents
  value: .agents/skills/flow-plan
  runtime: null
  scope: project
  owners:
  - .
  active_owner: .
  content_hash: null
- kind: project-relative
  target: agents
  value: .agents/skills/flow-plan/SKILL.md
  runtime: null
  scope: project
  owners:
  - .
  active_owner: .
  content_hash: sha256:221e6f277a34f578f87af412d0a341b187898411c793549ccff53985ee1a8dec
- kind: project-relative
  target: agents
  value: .agents/skills/flow/SKILL.md
  runtime: null
  scope: project
  owners:
  - .
  active_owner: .
  content_hash: sha256:d7e0559e813e2110b6589c57e960753961e8a6fd0b860b195c3d078609562d31
- kind: project-relative
  target: claude
  value: .claude/agents/flow-designer.md
  runtime: null
  scope: project
  owners:
  - .
  active_owner: .
  content_hash: sha256:f9290f2b9bd2d84a6904c788abd85339a7a07229f3b10b5529ce5784bd7d8e04
- kind: project-relative
  target: claude
  value: .claude/agents/flow-implementer.md
  runtime: null
  scope: project
  owners:
  - .
  active_owner: .
  content_hash: sha256:652ea710d5ff41c5369d93684900e7308c20268e119022e3ecd75b6ed0229e88
- kind: project-relative
  target: claude
  value: .claude/agents/flow-planner.md
  runtime: null
  scope: project
  owners:
  - .
  active_owner: .
  content_hash: sha256:793d24679bb47c40955fe5fc481de3a85aaf0a2aa3f4cc1259678da724c43316
- kind: project-relative
  target: claude
  value: .claude/skills/flow
  runtime: null
  scope: project
  owners:
  - .
  active_owner: .
  content_hash: null
- kind: project-relative
  target: claude
  value: .claude/skills/flow-design
  runtime: null
  scope: project
  owners:
  - .
  active_owner: .
  content_hash: null
- kind: project-relative
  target: claude
  value: .claude/skills/flow-design/SKILL.md
  runtime: null
  scope: project
  owners:
  - .
  active_owner: .
  content_hash: sha256:082d42d60e984b51a6c7bd28c7a56ec5c7008919e365c9e2ed42a8323a22503b
- kind: project-relative
  target: claude
  value: .claude/skills/flow-implement
  runtime: null
  scope: project
  owners:
  - .
  active_owner: .
  content_hash: null
- kind: project-relative
  target: claude
  value: .claude/skills/flow-implement/SKILL.md
  runtime: null
  scope: project
  owners:
  - .
  active_owner: .
  content_hash: sha256:d87dbe9eb6eef790e76940f1c2da950e8c5526ab917d85db67450af2f9cb0a92
- kind: project-relative
  target: claude
  value: .claude/skills/flow-plan
  runtime: null
  scope: project
  owners:
  - .
  active_owner: .
  content_hash: null
- kind: project-relative
  target: claude
  value: .claude/skills/flow-plan/SKILL.md
  runtime: null
  scope: project
  owners:
  - .
  active_owner: .
  content_hash: sha256:221e6f277a34f578f87af412d0a341b187898411c793549ccff53985ee1a8dec
- kind: project-relative
  target: claude
  value: .claude/skills/flow/SKILL.md
  runtime: null
  scope: project
  owners:
  - .
  active_owner: .
  content_hash: sha256:d7e0559e813e2110b6589c57e960753961e8a6fd0b860b195c3d078609562d31
- kind: project-relative
  target: codex
  value: .codex/agents/flow-designer.toml
  runtime: null
  scope: project
  owners:
  - .
  active_owner: .
  content_hash: sha256:a30df257aa67a8fd5313981412e64e5d5996e8aff8ea67c8bd5bfb59a7d173c3
- kind: project-relative
  target: codex
  value: .codex/agents/flow-implementer.toml
  runtime: null
  scope: project
  owners:
  - .
  active_owner: .
  content_hash: sha256:34eda751a0972fbe1856c7b5e9110cdf00b56ae5274d3f98b5abb2e5e00b7bab
- kind: project-relative
  target: codex
  value: .codex/agents/flow-planner.toml
  runtime: null
  scope: project
  owners:
  - .
  active_owner: .
  content_hash: sha256:eb033c594ec8f5faddf324c1ecdc1bb5bc9472544cfb9b95b11054d2bbb32bf4
local_deployed_files:
- .agents/skills/flow
- .agents/skills/flow-design
- .agents/skills/flow-design/SKILL.md
- .agents/skills/flow-implement
- .agents/skills/flow-implement/SKILL.md
- .agents/skills/flow-plan
- .agents/skills/flow-plan/SKILL.md
- .agents/skills/flow/SKILL.md
- .claude/agents/flow-designer.md
- .claude/agents/flow-implementer.md
- .claude/agents/flow-planner.md
- .claude/skills/flow
- .claude/skills/flow-design
- .claude/skills/flow-design/SKILL.md
- .claude/skills/flow-implement
- .claude/skills/flow-implement/SKILL.md
- .claude/skills/flow-plan
- .claude/skills/flow-plan/SKILL.md
- .claude/skills/flow/SKILL.md
- .codex/agents/flow-designer.toml
- .codex/agents/flow-implementer.toml
- .codex/agents/flow-planner.toml
local_deployed_file_hashes:
  .agents/skills/flow-design/SKILL.md: sha256:082d42d60e984b51a6c7bd28c7a56ec5c7008919e365c9e2ed42a8323a22503b
  .agents/skills/flow-implement/SKILL.md: sha256:d87dbe9eb6eef790e76940f1c2da950e8c5526ab917d85db67450af2f9cb0a92
  .agents/skills/flow-plan/SKILL.md: sha256:221e6f277a34f578f87af412d0a341b187898411c793549ccff53985ee1a8dec
  .agents/skills/flow/SKILL.md: sha256:d7e0559e813e2110b6589c57e960753961e8a6fd0b860b195c3d078609562d31
  .claude/agents/flow-designer.md: sha256:f9290f2b9bd2d84a6904c788abd85339a7a07229f3b10b5529ce5784bd7d8e04
  .claude/agents/flow-implementer.md: sha256:652ea710d5ff41c5369d93684900e7308c20268e119022e3ecd75b6ed0229e88
  .claude/agents/flow-planner.md: sha256:793d24679bb47c40955fe5fc481de3a85aaf0a2aa3f4cc1259678da724c43316
  .claude/skills/flow-design/SKILL.md: sha256:082d42d60e984b51a6c7bd28c7a56ec5c7008919e365c9e2ed42a8323a22503b
  .claude/skills/flow-implement/SKILL.md: sha256:d87dbe9eb6eef790e76940f1c2da950e8c5526ab917d85db67450af2f9cb0a92
  .claude/skills/flow-plan/SKILL.md: sha256:221e6f277a34f578f87af412d0a341b187898411c793549ccff53985ee1a8dec
  .claude/skills/flow/SKILL.md: sha256:d7e0559e813e2110b6589c57e960753961e8a6fd0b860b195c3d078609562d31
  .codex/agents/flow-designer.toml: sha256:a30df257aa67a8fd5313981412e64e5d5996e8aff8ea67c8bd5bfb59a7d173c3
  .codex/agents/flow-implementer.toml: sha256:34eda751a0972fbe1856c7b5e9110cdf00b56ae5274d3f98b5abb2e5e00b7bab
  .codex/agents/flow-planner.toml: sha256:eb033c594ec8f5faddf324c1ecdc1bb5bc9472544cfb9b95b11054d2bbb32bf4
